
Microsoft Visual Studio Solution File, Format Version 12.00
# Visual Studio Version 17
VisualStudioVersion = 17.6.33829.357
MinimumVisualStudioVersion = 10.0.40219.1
Project("{FAE04EC0-301F-11D3-BF4B-00C04F79EFBC}") = "NotContainNumber", "NotContainNumber\NotContainNumber.csproj", "{30C1E563-60EC-4CED-B962-151B34F33054}"
EndProject
Global
	GlobalSection(SolutionConfigurationPlatforms) = preSolution
		Debug|Any CPU = Debug|Any CPU
		Release|Any CPU = Release|Any CPU
	EndGlobalSection
	GlobalSection(ProjectConfigurationPlatforms) = postSolution
		{30C1E563-60EC-4CED-B962-151B34F33054}.Debug|Any CPU.ActiveCfg = Debug|Any CPU
		{30C1E563-60EC-4CED-B962-151B34F33054}.Debug|Any CPU.Build.0 = Debug|Any CPU
		{30C1E563-60EC-4CED-B962-151B34F33054}.Release|Any CPU.ActiveCfg = Release|Any CPU
		{30C1E563-60EC-4CED-B962-151B34F33054}.Release|Any CPU.Build.0 = Release|Any CPU
	EndGlobalSection
	GlobalSection(SolutionProperties) = preSolution
		HideSolutionNode = FALSE
	EndGlobalSection
	GlobalSection(ExtensibilityGlobals) = postSolution
		SolutionGuid = {FFD9AE73-E643-43B8-994C-2478DC5BFC0B}
	EndGlobalSection
EndGlobal
